{
  "version": 4,
  "terraform_version": "1.3.9",
  "serial": 75,
  "lineage": "cd008b09-25ba-c08e-7848-2be63b2ec4b6",
  "outputs": {},
  "resources": [
    {
      "module": "module.keys_pair",
      "mode": "managed",
      "type": "aws_key_pair",
      "name": "key_pair",
      "provider": "provider[\"registry.terraform.io/hashicorp/aws\"]",
      "instances": [
        {
          "schema_version": 1,
          "attributes": {
            "arn": "arn:aws:ec2:sa-east-1:382711225776:key-pair/windows-key-pair",
            "fingerprint": "14:de:a8:f2:ed:78:dc:16:d6:b2:8c:88:d9:f5:c1:e5",
            "id": "windows-key-pair",
            "key_name": "windows-key-pair",
            "key_name_prefix": "",
            "key_pair_id": "key-04303d4abbb811f54",
            "public_key": "ssh-rsa AAAAB3NzaC1yc2EAAAADAQABAAACAQDQKWZ5iJ0oWc4wlOzn1kTtSaE3tVORn5/iJNW6xP13vcXKdnyHYUGuq+8nMHCF8bo+CIvOM/ZcIdJVKdQOIMdgDycW4dUN4Uls65fV1Zop8zMLPGeMMYXoP1nBN9+05oDDqkVNwBY/RXnqiZWl6rkK0FP0N11q3KNn2wlywuR+jwhnmnoJjLkgZ8e9bjglfKCg7vSiUM1IuMiGs0lY5WxbUZm7wnPPyvvVDKcwnx6a6MMFlw+9Rgb+D6hBG8Gr7b38KTlfxbGSXwyuYvbAsZ9j1khSFZL16z+U28V5EtL6ex58qfYeZg/KoxnfCIvbPwuYdELOj+9Z4hQxk9Svm2vCPue1MFG7GQGDdu+ATNi3IxuQwWBAmsP8hIljA0CeyujN9nDgBUeNVAQuNszUNgiVhkRXTT/uIEO4ZjRkydpLx7oghalukvVXNGohlx/JOc5VVrrbkNJvDCQmA9100S0yL+eJlqmILbB7gI+CpiANZd4AINAzKqUgvL99LXqg1sq4/vXdBIuS2dqOUKOluQT/9XT+6wcXYx510K/92xc1F1IggNHNQ+4W8tplYoYnXZW+NE/PMhlQxgcFNnt2pcscHmHh7s5OoiHGak0mkqspt2A/HpFMsMHRcD3pA5jYerItoNHeYciDKUhV8/hYhE3VbTT9xou6ByEL6N6NAhAHjw==",
            "tags": null,
            "tags_all": {}
          },
          "sensitive_attributes": [],
          "private": "eyJzY2hlbWFfdmVyc2lvbiI6IjEifQ==",
          "dependencies": [
            "module.keys_pair.tls_private_key.key_pair"
          ]
        }
      ]
    },
    {
      "module": "module.keys_pair",
      "mode": "managed",
      "type": "local_file",
      "name": "ssh_key",
      "provider": "provider[\"registry.terraform.io/hashicorp/local\"]",
      "instances": [
        {
          "schema_version": 0,
          "attributes": {
            "content": "-----BEGIN RSA PRIVATE KEY-----\nMIIJKQIBAAKCAgEA0ClmeYidKFnOMJTs59ZE7UmhN7VTkZ+f4iTVusT9d73FynZ8\nh2FBrqvvJzBwhfG6PgiLzjP2XCHSVSnUDiDHYA8nFuHVDeFJbOuX1dWaKfMzCzxn\njDGF6D9ZwTfftOaAw6pFTcAWP0V56omVpeq5CtBT9DddatyjZ9sJcsLkfo8IZ5p6\nCYy5IGfHvW44JXygoO70olDNSLjIhrNJWOVsW1GZu8Jzz8r71QynMJ8emujDBZcP\nvUYG/g+oQRvBq+29/Ck5X8Wxkl8MrmL2wLGfY9ZIUhWS9es/lNvFeRLS+nsefKn2\nHmYPyqMZ3wiL2z8LmHRCzo/vWeIUMZPUr5trwj7ntTBRuxkBg3bvgEzYtyMbkMFg\nQJrD/ISJYwNAnsrozfZw4AVHjVQELjbM1DYIlYZEV00/7iBDuGY0ZMnaS8e6IIWp\nbpL1VzRqIZcfyTnOVVa625DSbwwkJgPddNEtMi/niZapiC2we4CPgqYgDWXeACDQ\nMyqlILy/fS16oNbKuP713QSLktnajlCjpbkE//V0/usHF2MeddCv/dsXNRdSIIDR\nzUPuFvLaZWKGJ12VvjRPzzIZUMYHBTZ7dqXLHB5h4e7OTqIhxmpNJpKrKbdgPx6R\nTLDB0XA96QOY2HqyLaDR3mHIgylIVfP4WIRN1W00/caLugchC+jejQIQB48CAwEA\nAQKCAgB2BeMqKUEh7bkwZl/kGuK9vy9/THnzaRPXvpbH7ITh7WFFp+R3Rbdd9/IC\nwD4sU6ALKAFMir22Ax8kVjD7Sa6BUlYRbT3FPuTIstNF1HQyMMfSKQ90t2d7BOA4\n4xsdkEuVpObibHSwrw2u4w9MIUeFUBUptHJs8mhbrB8xSDsRXrufMkDbRUR5kR34\n05NV/dF9Lb7agQHDp7FaXjDKDFphdGS7xkavnCEo7KGmubE6l5prgvjTke7JAcue\nDsTCXGuJmz4ChS5nFSk1frr1CkCa9JXQpJbMg/NqzSiruvaQOlpQyHTZS3jMpak3\ngbr6Nka2y8RNJeLJjZtxeKXwYyi21S4op++2B2T4ZoiPo04HwO0ZTDc9btKtZ8Np\ndZM7JpNEj23o4Dwbwfl2mnOgaeSaIXwmL58e6Z053T1YsGoIRdHZdKiXA5rcca7x\nNKFOPlXtHFByxUnEu04n74td0W3rQm5Urq6GEW6edrvEcdg80DbyMnY5e2ZFP4oe\nkaA8w627tV1Lv8C50/8kxA71bk9Ihw84YkOa+OT0jbCZBlHe1SiYioNg0UFLRMtU\nPll9ZTXFTwlZrpWICmXV/OsFy4Or57N+5OhJ6gNLF/9vMEVBH96xOSEIoQGx8SQG\n6wMRIBEOg8WMokArbWsPP41fQkPjE48AmbYSu2oia8PEnjTpYQKCAQEA+ZMHK1Pd\nTvzvO7Mdv85wk4F1VDDB/VAzpxDBqrVnk+njXT6eb7su67RbsUPvNYgPOkLwMIhT\n0KEyds+rhqxkMZ9fX07OpBCKkgaIYp4Nb46cR5nqqVEixXqX36pbxr70pFMA7U49\nbE601Q4tHQRE3ke8uSHcP92F+LzgKm9ibx1KKFGvUeuORJROf+wXer8VxB8+IaOl\n2tJxElBXqqrR28wxS6+LuHvOu8i0YnmJI9G5Yl+WhdVw7X8BuieXdYTwuEF6htnW\nMz9bO0QSrBxWMqVrwRupxbPPqx3DyFPOP95iHPbbnxuDxKwRz3+6AqXuMst2++et\nciuMUbx+oGnlZwKCAQEA1YVqzg1huqzLYNwVFhokSTaGV6w8/8A6m5MMyaad+tyA\nno2YVfOS0nv+bA5IdkqtFYyIFj7vuNYoHFiSM1smbvGaA5NT26U1fR8AH5Y0AB+m\nMalxLMEtYEj/S+3j6s9EcjO+E2Q3NAvINDD3hi7EKJihZUfS/F0Ih8zjZZJtRJe8\nOj4msNgkhJFMWI1hs2dIIrQS+2D0amkqN9PbN9ueFtx39Nr31iQ/fg3sLuZT9z8W\n2elv6dJDI0T54+lCQYBjyXMhAaND4MJxnBCl5CE37pve2B5OiQrfXzPZV+qUc/Ck\n6hTaKz0ycnDwv2zt0iUXCAWZouXFnBqz7HcOYbGLmQKCAQEA6UaFV/lOjYsb7dhR\nATxru2QxD913JVf2v7yI2RAwXXArhbeHDfaPN99gKUPPbmDbouB4c1SpywMxER6x\nO/Mcv8kwsvwNaArSCwWyK0OCWXiaGM8EKPjeoGkjVft9RzqrnoC7CBSukvLKUa6r\nekjIOmAhRYYhwUxE8idQ/Dkab7OX4jHfxpl/ZBifezBpDeFX7fYp8/VrjCpRaAXS\nu4JpH6IvnYfa+Dg5FwrVmInzJpjcR9gC8Nt9b2/cZGynREBbZE5HwY4Rids5Yh8R\nuO/Png1Ct8Asos+cV1w96Jx01vv9BweyZnioZIdVKnc/nUQNbksBzxlQ5LtRsACY\n90WkFwKCAQEAgwjUic1mi2Qdj7ygaCb028VNXqKB8MXscaslrt7Elr4ZZLQqp5zK\nHsgfU/rT91xOqinLHjPTc9BhXzvvxPqMNIuqY8VXMjVKBRYwQjIwiV7i5BlDLh8D\nFNLXcaZ1N5WpQJiGbmoTAqq0W2stjDhJA0zfx0LztRH2+TgA2UWqLu0bg3a+0cpj\nZsOwYauqKKoad8mg2IoglOkjEo2+O6JYe1kjeK2kaNNn75jlt8Z8AwDBqkt69bim\noQ9kd7yff4kmM+umdtXWAynxBMCmvcCxDYq0kFbRBYMZn9g26qA4KIqm+kx/swdk\nXRz4cdGMhWljn/Wn2nM9+VXd0yEhP0zxCQKCAQAlDD4bQ6BQx9K5V46QLEDQSvIJ\n1l6fJciRb6MYsOehYsx0iObOLHNz2jKdFn4lM2ysoqZnqAQ/RXbtFElhUAXwAFm/\n4DEbe13W+h4iqf0xR5Q7V3pagiEw2qjrRBPDu06ecPwZy/TKtEarPjJ1Afd4cqZe\ngnsUnXG5J1wmEwGFkmVEfrrPTe/4rugMSBfpacMCluSSsux9OC8zNFZUynkqcvdv\np3IdAUK/dVsvXbJq60DPxAAjbP6t8h4GS9EruUHOa+CBEv1Os3i+NtV9Udz5fxxg\njndjRsHhgO3wO9OwwovHR9r4x9Xq2eqz/fVZ5Gvs0WfTX7hA2GGq+AfF9D4M\n-----END RSA PRIVATE KEY-----\n",
            "content_base64": null,
            "directory_permission": "0777",
            "file_permission": "0777",
            "filename": "../pem_keys/windows-key-pair.pem",
            "id": "4d210ca3835d53397c2583fe6db94f102ad09479",
            "sensitive_content": null,
            "source": null
          },
          "sensitive_attributes": [
            [
              {
                "type": "get_attr",
                "value": "content"
              }
            ]
          ],
          "dependencies": [
            "module.keys_pair.aws_key_pair.key_pair",
            "module.keys_pair.tls_private_key.key_pair"
          ]
        }
      ]
    },
    {
      "module": "module.keys_pair",
      "mode": "managed",
      "type": "tls_private_key",
      "name": "key_pair",
      "provider": "provider[\"registry.terraform.io/hashicorp/tls\"]",
      "instances": [
        {
          "schema_version": 1,
          "attributes": {
            "algorithm": "RSA",
            "ecdsa_curve": "P224",
            "id": "b14f88922ed576b8a01640ccf8585665f10ab6cb",
            "private_key_openssh": "-----BEGIN OPENSSH PRIVATE KEY-----\nb3BlbnNzaC1rZXktdjEAAAAABG5vbmUAAAAEbm9uZQAAAAAAAAABAAACFwAAAAdz\nc2gtcnNhAAAAAwEAAQAAAgEA0ClmeYidKFnOMJTs59ZE7UmhN7VTkZ+f4iTVusT9\nd73FynZ8h2FBrqvvJzBwhfG6PgiLzjP2XCHSVSnUDiDHYA8nFuHVDeFJbOuX1dWa\nKfMzCzxnjDGF6D9ZwTfftOaAw6pFTcAWP0V56omVpeq5CtBT9DddatyjZ9sJcsLk\nfo8IZ5p6CYy5IGfHvW44JXygoO70olDNSLjIhrNJWOVsW1GZu8Jzz8r71QynMJ8e\nmujDBZcPvUYG/g+oQRvBq+29/Ck5X8Wxkl8MrmL2wLGfY9ZIUhWS9es/lNvFeRLS\n+nsefKn2HmYPyqMZ3wiL2z8LmHRCzo/vWeIUMZPUr5trwj7ntTBRuxkBg3bvgEzY\ntyMbkMFgQJrD/ISJYwNAnsrozfZw4AVHjVQELjbM1DYIlYZEV00/7iBDuGY0ZMna\nS8e6IIWpbpL1VzRqIZcfyTnOVVa625DSbwwkJgPddNEtMi/niZapiC2we4CPgqYg\nDWXeACDQMyqlILy/fS16oNbKuP713QSLktnajlCjpbkE//V0/usHF2MeddCv/dsX\nNRdSIIDRzUPuFvLaZWKGJ12VvjRPzzIZUMYHBTZ7dqXLHB5h4e7OTqIhxmpNJpKr\nKbdgPx6RTLDB0XA96QOY2HqyLaDR3mHIgylIVfP4WIRN1W00/caLugchC+jejQIQ\nB48AAAc4/aZ45f2meOUAAAAHc3NoLXJzYQAAAgEA0ClmeYidKFnOMJTs59ZE7Umh\nN7VTkZ+f4iTVusT9d73FynZ8h2FBrqvvJzBwhfG6PgiLzjP2XCHSVSnUDiDHYA8n\nFuHVDeFJbOuX1dWaKfMzCzxnjDGF6D9ZwTfftOaAw6pFTcAWP0V56omVpeq5CtBT\n9DddatyjZ9sJcsLkfo8IZ5p6CYy5IGfHvW44JXygoO70olDNSLjIhrNJWOVsW1GZ\nu8Jzz8r71QynMJ8emujDBZcPvUYG/g+oQRvBq+29/Ck5X8Wxkl8MrmL2wLGfY9ZI\nUhWS9es/lNvFeRLS+nsefKn2HmYPyqMZ3wiL2z8LmHRCzo/vWeIUMZPUr5trwj7n\ntTBRuxkBg3bvgEzYtyMbkMFgQJrD/ISJYwNAnsrozfZw4AVHjVQELjbM1DYIlYZE\nV00/7iBDuGY0ZMnaS8e6IIWpbpL1VzRqIZcfyTnOVVa625DSbwwkJgPddNEtMi/n\niZapiC2we4CPgqYgDWXeACDQMyqlILy/fS16oNbKuP713QSLktnajlCjpbkE//V0\n/usHF2MeddCv/dsXNRdSIIDRzUPuFvLaZWKGJ12VvjRPzzIZUMYHBTZ7dqXLHB5h\n4e7OTqIhxmpNJpKrKbdgPx6RTLDB0XA96QOY2HqyLaDR3mHIgylIVfP4WIRN1W00\n/caLugchC+jejQIQB48AAAADAQABAAACAHYF4yopQSHtuTBmX+Qa4r2/L39MefNp\nE9e+lsfshOHtYUWn5HdFt1338gLAPixToAsoAUyKvbYDHyRWMPtJroFSVhFtPcU+\n5Miy00XUdDIwx9IpD3S3Z3sE4DjjGx2QS5Wk5uJsdLCvDa7jD0whR4VQFSm0cmzy\naFusHzFIOxFeu58yQNtFRHmRHfjTk1X90X0tvtqBAcOnsVpeMMoMWmF0ZLvGRq+c\nISjsoaa5sTqXmmuC+NOR7skBy54OxMJca4mbPgKFLmcVKTV+uvUKQJr0ldCklsyD\n82rNKKu69pA6WlDIdNlLeMylqTeBuvo2RrbLxE0l4smNm3F4pfBjKLbVLiin77YH\nZPhmiI+jTgfA7RlMNz1u0q1nw2l1kzsmk0SPbejgPBvB+Xaac6Bp5JohfCYvnx7p\nnTndPViwaghF0dl0qJcDmtxxrvE0oU4+Ve0cUHLFScS7Tifvi13RbetCblSuroYR\nbp52u8Rx2DzQNvIydjl7ZkU/ih6RoDzDrbu1XUu/wLnT/yTEDvVuT0iHDzhiQ5r4\n5PSNsJkGUd7VKJiKg2DRQUtEy1Q+WX1lNcVPCVmulYgKZdX86wXLg6vns37k6Enq\nA0sX/28wRUEf3rE5IQihAbHxJAbrAxEgEQ6DxYyiQCttaw8/jV9CQ+MTjwCZthK7\naiJrw8SeNOlhAAABACUMPhtDoFDH0rlXjpAsQNBK8gnWXp8lyJFvoxiw56FizHSI\n5s4sc3PaMp0WfiUzbKyipmeoBD9Fdu0USWFQBfAAWb/gMRt7Xdb6HiKp/TFHlDtX\nelqCITDaqOtEE8O7Tp5w/BnL9Mq0Rqs+MnUB93hypl6CexSdcbknXCYTAYWSZUR+\nus9N7/iu6AxIF+lpwwKW5JKy7H04LzM0VlTKeSpy92+nch0BQr91Wy9dsmrrQM/E\nACNs/q3yHgZL0Su5Qc5r4IES/U6zeL421X1R3Pl/HGCOd2NGweGA7fA707DCi8dH\n2vjH1erZ6rP99Vnka+zRZ9NfuEDYYar4B8X0PgwAAAEBAPmTBytT3U787zuzHb/O\ncJOBdVQwwf1QM6cQwaq1Z5Pp410+nm+7Luu0W7FD7zWIDzpC8DCIU9ChMnbPq4as\nZDGfX19OzqQQipIGiGKeDW+OnEeZ6qlRIsV6l9+qW8a+9KRTAO1OPWxOtNUOLR0E\nRN5HvLkh3D/dhfi84CpvYm8dSihRr1HrjkSUTn/sF3q/FcQfPiGjpdrScRJQV6qq\n0dvMMUuvi7h7zrvItGJ5iSPRuWJfloXVcO1/Abonl3WE8LhBeobZ1jM/WztEEqwc\nVjKla8EbqcWzz6sdw8hTzj/eYhz2258bg8SsEc9/ugKl7jLLdvvnrXIrjFG8fqBp\n5WcAAAEBANWFas4NYbqsy2DcFRYaJEk2hlesPP/AOpuTDMmmnfrcgJ6NmFXzktJ7\n/mwOSHZKrRWMiBY+77jWKBxYkjNbJm7xmgOTU9ulNX0fAB+WNAAfpjGpcSzBLWBI\n/0vt4+rPRHIzvhNkNzQLyDQw94YuxCiYoWVH0vxdCIfM42WSbUSXvDo+JrDYJISR\nTFiNYbNnSCK0Evtg9GppKjfT2zfbnhbcd/Ta99YkP34N7C7mU/c/Ftnpb+nSQyNE\n+ePpQkGAY8lzIQGjQ+DCcZwQpeQhN+6b3tgeTokK318z2VfqlHPwpOoU2is9MnJw\n8L9s7dIlFwgFmaLlxZwas+x3DmGxi5kAAAAAAQID\n-----END OPENSSH PRIVATE KEY-----\n",
            "private_key_pem": "-----BEGIN RSA PRIVATE KEY-----\nMIIJKQIBAAKCAgEA0ClmeYidKFnOMJTs59ZE7UmhN7VTkZ+f4iTVusT9d73FynZ8\nh2FBrqvvJzBwhfG6PgiLzjP2XCHSVSnUDiDHYA8nFuHVDeFJbOuX1dWaKfMzCzxn\njDGF6D9ZwTfftOaAw6pFTcAWP0V56omVpeq5CtBT9DddatyjZ9sJcsLkfo8IZ5p6\nCYy5IGfHvW44JXygoO70olDNSLjIhrNJWOVsW1GZu8Jzz8r71QynMJ8emujDBZcP\nvUYG/g+oQRvBq+29/Ck5X8Wxkl8MrmL2wLGfY9ZIUhWS9es/lNvFeRLS+nsefKn2\nHmYPyqMZ3wiL2z8LmHRCzo/vWeIUMZPUr5trwj7ntTBRuxkBg3bvgEzYtyMbkMFg\nQJrD/ISJYwNAnsrozfZw4AVHjVQELjbM1DYIlYZEV00/7iBDuGY0ZMnaS8e6IIWp\nbpL1VzRqIZcfyTnOVVa625DSbwwkJgPddNEtMi/niZapiC2we4CPgqYgDWXeACDQ\nMyqlILy/fS16oNbKuP713QSLktnajlCjpbkE//V0/usHF2MeddCv/dsXNRdSIIDR\nzUPuFvLaZWKGJ12VvjRPzzIZUMYHBTZ7dqXLHB5h4e7OTqIhxmpNJpKrKbdgPx6R\nTLDB0XA96QOY2HqyLaDR3mHIgylIVfP4WIRN1W00/caLugchC+jejQIQB48CAwEA\nAQKCAgB2BeMqKUEh7bkwZl/kGuK9vy9/THnzaRPXvpbH7ITh7WFFp+R3Rbdd9/IC\nwD4sU6ALKAFMir22Ax8kVjD7Sa6BUlYRbT3FPuTIstNF1HQyMMfSKQ90t2d7BOA4\n4xsdkEuVpObibHSwrw2u4w9MIUeFUBUptHJs8mhbrB8xSDsRXrufMkDbRUR5kR34\n05NV/dF9Lb7agQHDp7FaXjDKDFphdGS7xkavnCEo7KGmubE6l5prgvjTke7JAcue\nDsTCXGuJmz4ChS5nFSk1frr1CkCa9JXQpJbMg/NqzSiruvaQOlpQyHTZS3jMpak3\ngbr6Nka2y8RNJeLJjZtxeKXwYyi21S4op++2B2T4ZoiPo04HwO0ZTDc9btKtZ8Np\ndZM7JpNEj23o4Dwbwfl2mnOgaeSaIXwmL58e6Z053T1YsGoIRdHZdKiXA5rcca7x\nNKFOPlXtHFByxUnEu04n74td0W3rQm5Urq6GEW6edrvEcdg80DbyMnY5e2ZFP4oe\nkaA8w627tV1Lv8C50/8kxA71bk9Ihw84YkOa+OT0jbCZBlHe1SiYioNg0UFLRMtU\nPll9ZTXFTwlZrpWICmXV/OsFy4Or57N+5OhJ6gNLF/9vMEVBH96xOSEIoQGx8SQG\n6wMRIBEOg8WMokArbWsPP41fQkPjE48AmbYSu2oia8PEnjTpYQKCAQEA+ZMHK1Pd\nTvzvO7Mdv85wk4F1VDDB/VAzpxDBqrVnk+njXT6eb7su67RbsUPvNYgPOkLwMIhT\n0KEyds+rhqxkMZ9fX07OpBCKkgaIYp4Nb46cR5nqqVEixXqX36pbxr70pFMA7U49\nbE601Q4tHQRE3ke8uSHcP92F+LzgKm9ibx1KKFGvUeuORJROf+wXer8VxB8+IaOl\n2tJxElBXqqrR28wxS6+LuHvOu8i0YnmJI9G5Yl+WhdVw7X8BuieXdYTwuEF6htnW\nMz9bO0QSrBxWMqVrwRupxbPPqx3DyFPOP95iHPbbnxuDxKwRz3+6AqXuMst2++et\nciuMUbx+oGnlZwKCAQEA1YVqzg1huqzLYNwVFhokSTaGV6w8/8A6m5MMyaad+tyA\nno2YVfOS0nv+bA5IdkqtFYyIFj7vuNYoHFiSM1smbvGaA5NT26U1fR8AH5Y0AB+m\nMalxLMEtYEj/S+3j6s9EcjO+E2Q3NAvINDD3hi7EKJihZUfS/F0Ih8zjZZJtRJe8\nOj4msNgkhJFMWI1hs2dIIrQS+2D0amkqN9PbN9ueFtx39Nr31iQ/fg3sLuZT9z8W\n2elv6dJDI0T54+lCQYBjyXMhAaND4MJxnBCl5CE37pve2B5OiQrfXzPZV+qUc/Ck\n6hTaKz0ycnDwv2zt0iUXCAWZouXFnBqz7HcOYbGLmQKCAQEA6UaFV/lOjYsb7dhR\nATxru2QxD913JVf2v7yI2RAwXXArhbeHDfaPN99gKUPPbmDbouB4c1SpywMxER6x\nO/Mcv8kwsvwNaArSCwWyK0OCWXiaGM8EKPjeoGkjVft9RzqrnoC7CBSukvLKUa6r\nekjIOmAhRYYhwUxE8idQ/Dkab7OX4jHfxpl/ZBifezBpDeFX7fYp8/VrjCpRaAXS\nu4JpH6IvnYfa+Dg5FwrVmInzJpjcR9gC8Nt9b2/cZGynREBbZE5HwY4Rids5Yh8R\nuO/Png1Ct8Asos+cV1w96Jx01vv9BweyZnioZIdVKnc/nUQNbksBzxlQ5LtRsACY\n90WkFwKCAQEAgwjUic1mi2Qdj7ygaCb028VNXqKB8MXscaslrt7Elr4ZZLQqp5zK\nHsgfU/rT91xOqinLHjPTc9BhXzvvxPqMNIuqY8VXMjVKBRYwQjIwiV7i5BlDLh8D\nFNLXcaZ1N5WpQJiGbmoTAqq0W2stjDhJA0zfx0LztRH2+TgA2UWqLu0bg3a+0cpj\nZsOwYauqKKoad8mg2IoglOkjEo2+O6JYe1kjeK2kaNNn75jlt8Z8AwDBqkt69bim\noQ9kd7yff4kmM+umdtXWAynxBMCmvcCxDYq0kFbRBYMZn9g26qA4KIqm+kx/swdk\nXRz4cdGMhWljn/Wn2nM9+VXd0yEhP0zxCQKCAQAlDD4bQ6BQx9K5V46QLEDQSvIJ\n1l6fJciRb6MYsOehYsx0iObOLHNz2jKdFn4lM2ysoqZnqAQ/RXbtFElhUAXwAFm/\n4DEbe13W+h4iqf0xR5Q7V3pagiEw2qjrRBPDu06ecPwZy/TKtEarPjJ1Afd4cqZe\ngnsUnXG5J1wmEwGFkmVEfrrPTe/4rugMSBfpacMCluSSsux9OC8zNFZUynkqcvdv\np3IdAUK/dVsvXbJq60DPxAAjbP6t8h4GS9EruUHOa+CBEv1Os3i+NtV9Udz5fxxg\njndjRsHhgO3wO9OwwovHR9r4x9Xq2eqz/fVZ5Gvs0WfTX7hA2GGq+AfF9D4M\n-----END RSA PRIVATE KEY-----\n",
            "private_key_pem_pkcs8": "-----BEGIN PRIVATE KEY-----\nMIIJQwIBADANBgkqhkiG9w0BAQEFAASCCS0wggkpAgEAAoICAQDQKWZ5iJ0oWc4w\nlOzn1kTtSaE3tVORn5/iJNW6xP13vcXKdnyHYUGuq+8nMHCF8bo+CIvOM/ZcIdJV\nKdQOIMdgDycW4dUN4Uls65fV1Zop8zMLPGeMMYXoP1nBN9+05oDDqkVNwBY/RXnq\niZWl6rkK0FP0N11q3KNn2wlywuR+jwhnmnoJjLkgZ8e9bjglfKCg7vSiUM1IuMiG\ns0lY5WxbUZm7wnPPyvvVDKcwnx6a6MMFlw+9Rgb+D6hBG8Gr7b38KTlfxbGSXwyu\nYvbAsZ9j1khSFZL16z+U28V5EtL6ex58qfYeZg/KoxnfCIvbPwuYdELOj+9Z4hQx\nk9Svm2vCPue1MFG7GQGDdu+ATNi3IxuQwWBAmsP8hIljA0CeyujN9nDgBUeNVAQu\nNszUNgiVhkRXTT/uIEO4ZjRkydpLx7oghalukvVXNGohlx/JOc5VVrrbkNJvDCQm\nA9100S0yL+eJlqmILbB7gI+CpiANZd4AINAzKqUgvL99LXqg1sq4/vXdBIuS2dqO\nUKOluQT/9XT+6wcXYx510K/92xc1F1IggNHNQ+4W8tplYoYnXZW+NE/PMhlQxgcF\nNnt2pcscHmHh7s5OoiHGak0mkqspt2A/HpFMsMHRcD3pA5jYerItoNHeYciDKUhV\n8/hYhE3VbTT9xou6ByEL6N6NAhAHjwIDAQABAoICAHYF4yopQSHtuTBmX+Qa4r2/\nL39MefNpE9e+lsfshOHtYUWn5HdFt1338gLAPixToAsoAUyKvbYDHyRWMPtJroFS\nVhFtPcU+5Miy00XUdDIwx9IpD3S3Z3sE4DjjGx2QS5Wk5uJsdLCvDa7jD0whR4VQ\nFSm0cmzyaFusHzFIOxFeu58yQNtFRHmRHfjTk1X90X0tvtqBAcOnsVpeMMoMWmF0\nZLvGRq+cISjsoaa5sTqXmmuC+NOR7skBy54OxMJca4mbPgKFLmcVKTV+uvUKQJr0\nldCklsyD82rNKKu69pA6WlDIdNlLeMylqTeBuvo2RrbLxE0l4smNm3F4pfBjKLbV\nLiin77YHZPhmiI+jTgfA7RlMNz1u0q1nw2l1kzsmk0SPbejgPBvB+Xaac6Bp5Joh\nfCYvnx7pnTndPViwaghF0dl0qJcDmtxxrvE0oU4+Ve0cUHLFScS7Tifvi13RbetC\nblSuroYRbp52u8Rx2DzQNvIydjl7ZkU/ih6RoDzDrbu1XUu/wLnT/yTEDvVuT0iH\nDzhiQ5r45PSNsJkGUd7VKJiKg2DRQUtEy1Q+WX1lNcVPCVmulYgKZdX86wXLg6vn\ns37k6EnqA0sX/28wRUEf3rE5IQihAbHxJAbrAxEgEQ6DxYyiQCttaw8/jV9CQ+MT\njwCZthK7aiJrw8SeNOlhAoIBAQD5kwcrU91O/O87sx2/znCTgXVUMMH9UDOnEMGq\ntWeT6eNdPp5vuy7rtFuxQ+81iA86QvAwiFPQoTJ2z6uGrGQxn19fTs6kEIqSBohi\nng1vjpxHmeqpUSLFepffqlvGvvSkUwDtTj1sTrTVDi0dBETeR7y5Idw/3YX4vOAq\nb2JvHUooUa9R645ElE5/7Bd6vxXEHz4ho6Xa0nESUFeqqtHbzDFLr4u4e867yLRi\neYkj0bliX5aF1XDtfwG6J5d1hPC4QXqG2dYzP1s7RBKsHFYypWvBG6nFs8+rHcPI\nU84/3mIc9tufG4PErBHPf7oCpe4yy3b7561yK4xRvH6gaeVnAoIBAQDVhWrODWG6\nrMtg3BUWGiRJNoZXrDz/wDqbkwzJpp363ICejZhV85LSe/5sDkh2Sq0VjIgWPu+4\n1igcWJIzWyZu8ZoDk1PbpTV9HwAfljQAH6YxqXEswS1gSP9L7ePqz0RyM74TZDc0\nC8g0MPeGLsQomKFlR9L8XQiHzONlkm1El7w6Piaw2CSEkUxYjWGzZ0gitBL7YPRq\naSo309s3254W3Hf02vfWJD9+Dewu5lP3PxbZ6W/p0kMjRPnj6UJBgGPJcyEBo0Pg\nwnGcEKXkITfum97YHk6JCt9fM9lX6pRz8KTqFNorPTJycPC/bO3SJRcIBZmi5cWc\nGrPsdw5hsYuZAoIBAQDpRoVX+U6Nixvt2FEBPGu7ZDEP3XclV/a/vIjZEDBdcCuF\nt4cN9o8332ApQ89uYNui4HhzVKnLAzERHrE78xy/yTCy/A1oCtILBbIrQ4JZeJoY\nzwQo+N6gaSNV+31HOquegLsIFK6S8spRrqt6SMg6YCFFhiHBTETyJ1D8ORpvs5fi\nMd/GmX9kGJ97MGkN4Vft9inz9WuMKlFoBdK7gmkfoi+dh9r4ODkXCtWYifMmmNxH\n2ALw231vb9xkbKdEQFtkTkfBjhGJ2zliHxG478+eDUK3wCyiz5xXXD3onHTW+/0H\nB7JmeKhkh1Uqdz+dRA1uSwHPGVDku1GwAJj3RaQXAoIBAQCDCNSJzWaLZB2PvKBo\nJvTbxU1eooHwxexxqyWu3sSWvhlktCqnnMoeyB9T+tP3XE6qKcseM9Nz0GFfO+/E\n+ow0i6pjxVcyNUoFFjBCMjCJXuLkGUMuHwMU0tdxpnU3lalAmIZuahMCqrRbay2M\nOEkDTN/HQvO1Efb5OADZRaou7RuDdr7RymNmw7Bhq6ooqhp3yaDYiiCU6SMSjb47\nolh7WSN4raRo02fvmOW3xnwDAMGqS3r1uKahD2R3vJ9/iSYz66Z21dYDKfEEwKa9\nwLENirSQVtEFgxmf2DbqoDgoiqb6TH+zB2RdHPhx0YyFaWOf9afacz35Vd3TISE/\nTPEJAoIBACUMPhtDoFDH0rlXjpAsQNBK8gnWXp8lyJFvoxiw56FizHSI5s4sc3Pa\nMp0WfiUzbKyipmeoBD9Fdu0USWFQBfAAWb/gMRt7Xdb6HiKp/TFHlDtXelqCITDa\nqOtEE8O7Tp5w/BnL9Mq0Rqs+MnUB93hypl6CexSdcbknXCYTAYWSZUR+us9N7/iu\n6AxIF+lpwwKW5JKy7H04LzM0VlTKeSpy92+nch0BQr91Wy9dsmrrQM/EACNs/q3y\nHgZL0Su5Qc5r4IES/U6zeL421X1R3Pl/HGCOd2NGweGA7fA707DCi8dH2vjH1erZ\n6rP99Vnka+zRZ9NfuEDYYar4B8X0Pgw=\n-----END PRIVATE KEY-----\n",
            "public_key_fingerprint_md5": "69:c1:ca:28:f3:92:01:c0:d4:0d:fb:c2:c9:4a:cc:ec",
            "public_key_fingerprint_sha256": "SHA256:tTRQzKGahoAOuOppBTn2vghEa0ygfDgUaOUSXezNKFw",
            "public_key_openssh": "ssh-rsa AAAAB3NzaC1yc2EAAAADAQABAAACAQDQKWZ5iJ0oWc4wlOzn1kTtSaE3tVORn5/iJNW6xP13vcXKdnyHYUGuq+8nMHCF8bo+CIvOM/ZcIdJVKdQOIMdgDycW4dUN4Uls65fV1Zop8zMLPGeMMYXoP1nBN9+05oDDqkVNwBY/RXnqiZWl6rkK0FP0N11q3KNn2wlywuR+jwhnmnoJjLkgZ8e9bjglfKCg7vSiUM1IuMiGs0lY5WxbUZm7wnPPyvvVDKcwnx6a6MMFlw+9Rgb+D6hBG8Gr7b38KTlfxbGSXwyuYvbAsZ9j1khSFZL16z+U28V5EtL6ex58qfYeZg/KoxnfCIvbPwuYdELOj+9Z4hQxk9Svm2vCPue1MFG7GQGDdu+ATNi3IxuQwWBAmsP8hIljA0CeyujN9nDgBUeNVAQuNszUNgiVhkRXTT/uIEO4ZjRkydpLx7oghalukvVXNGohlx/JOc5VVrrbkNJvDCQmA9100S0yL+eJlqmILbB7gI+CpiANZd4AINAzKqUgvL99LXqg1sq4/vXdBIuS2dqOUKOluQT/9XT+6wcXYx510K/92xc1F1IggNHNQ+4W8tplYoYnXZW+NE/PMhlQxgcFNnt2pcscHmHh7s5OoiHGak0mkqspt2A/HpFMsMHRcD3pA5jYerItoNHeYciDKUhV8/hYhE3VbTT9xou6ByEL6N6NAhAHjw==\n",
            "public_key_pem": "-----BEGIN PUBLIC KEY-----\nMIICIjANBgkqhkiG9w0BAQEFAAOCAg8AMIICCgKCAgEA0ClmeYidKFnOMJTs59ZE\n7UmhN7VTkZ+f4iTVusT9d73FynZ8h2FBrqvvJzBwhfG6PgiLzjP2XCHSVSnUDiDH\nYA8nFuHVDeFJbOuX1dWaKfMzCzxnjDGF6D9ZwTfftOaAw6pFTcAWP0V56omVpeq5\nCtBT9DddatyjZ9sJcsLkfo8IZ5p6CYy5IGfHvW44JXygoO70olDNSLjIhrNJWOVs\nW1GZu8Jzz8r71QynMJ8emujDBZcPvUYG/g+oQRvBq+29/Ck5X8Wxkl8MrmL2wLGf\nY9ZIUhWS9es/lNvFeRLS+nsefKn2HmYPyqMZ3wiL2z8LmHRCzo/vWeIUMZPUr5tr\nwj7ntTBRuxkBg3bvgEzYtyMbkMFgQJrD/ISJYwNAnsrozfZw4AVHjVQELjbM1DYI\nlYZEV00/7iBDuGY0ZMnaS8e6IIWpbpL1VzRqIZcfyTnOVVa625DSbwwkJgPddNEt\nMi/niZapiC2we4CPgqYgDWXeACDQMyqlILy/fS16oNbKuP713QSLktnajlCjpbkE\n//V0/usHF2MeddCv/dsXNRdSIIDRzUPuFvLaZWKGJ12VvjRPzzIZUMYHBTZ7dqXL\nHB5h4e7OTqIhxmpNJpKrKbdgPx6RTLDB0XA96QOY2HqyLaDR3mHIgylIVfP4WIRN\n1W00/caLugchC+jejQIQB48CAwEAAQ==\n-----END PUBLIC KEY-----\n",
            "rsa_bits": 4096
          },
          "sensitive_attributes": []
        }
      ]
    },
    {
      "module": "module.secgroup",
      "mode": "managed",
      "type": "aws_security_group",
      "name": "sec_group",
      "provider": "provider[\"registry.terraform.io/hashicorp/aws\"]",
      "instances": [
        {
          "schema_version": 1,
          "attributes": {
            "arn": "arn:aws:ec2:sa-east-1:382711225776:security-group/sg-08d449daadb1ef2e3",
            "description": "Managed by Terraform",
            "egress": [],
            "id": "sg-08d449daadb1ef2e3",
            "ingress": [],
            "name": "windows_sg",
            "name_prefix": "",
            "owner_id": "382711225776",
            "revoke_rules_on_delete": false,
            "tags": null,
            "tags_all": {},
            "timeouts": null,
            "vpc_id": "vpc-068b0b1b3745420bc"
          },
          "sensitive_attributes": [],
          "private": "eyJlMmJmYjczMC1lY2FhLTExZTYtOGY4OC0zNDM2M2JjN2M0YzAiOnsiY3JlYXRlIjo2MDAwMDAwMDAwMDAsImRlbGV0ZSI6OTAwMDAwMDAwMDAwfSwic2NoZW1hX3ZlcnNpb24iOiIxIn0=",
          "dependencies": [
            "module.vpc.aws_internet_gateway.vpc_igw",
            "module.vpc.aws_vpc.vpc"
          ]
        }
      ]
    },
    {
      "module": "module.secgroup_egress",
      "mode": "managed",
      "type": "aws_security_group_rule",
      "name": "egress_rules",
      "provider": "provider[\"registry.terraform.io/hashicorp/aws\"]",
      "instances": [
        {
          "schema_version": 2,
          "attributes": {
            "cidr_blocks": [
              "0.0.0.0/0"
            ],
            "description": null,
            "from_port": 0,
            "id": "sgrule-1358820489",
            "ipv6_cidr_blocks": null,
            "prefix_list_ids": null,
            "protocol": "-1",
            "security_group_id": "sg-08d449daadb1ef2e3",
            "self": false,
            "source_security_group_id": null,
            "to_port": 0,
            "type": "egress"
          },
          "sensitive_attributes": [],
          "private": "eyJzY2hlbWFfdmVyc2lvbiI6IjIifQ==",
          "dependencies": [
            "module.secgroup.aws_security_group.sec_group",
            "module.vpc.aws_internet_gateway.vpc_igw",
            "module.vpc.aws_vpc.vpc"
          ]
        }
      ]
    },
    {
      "module": "module.secgroup_ingress",
      "mode": "managed",
      "type": "aws_security_group_rule",
      "name": "ingress_rules",
      "provider": "provider[\"registry.terraform.io/hashicorp/aws\"]",
      "instances": [
        {
          "index_key": 0,
          "schema_version": 2,
          "attributes": {
            "cidr_blocks": [
              "0.0.0.0/0"
            ],
            "description": null,
            "from_port": 80,
            "id": "sgrule-3063480588",
            "ipv6_cidr_blocks": null,
            "prefix_list_ids": null,
            "protocol": "tcp",
            "security_group_id": "sg-08d449daadb1ef2e3",
            "self": false,
            "source_security_group_id": null,
            "to_port": 80,
            "type": "ingress"
          },
          "sensitive_attributes": [],
          "private": "eyJzY2hlbWFfdmVyc2lvbiI6IjIifQ==",
          "dependencies": [
            "module.secgroup.aws_security_group.sec_group",
            "module.vpc.aws_internet_gateway.vpc_igw",
            "module.vpc.aws_vpc.vpc"
          ]
        },
        {
          "index_key": 1,
          "schema_version": 2,
          "attributes": {
            "cidr_blocks": [
              "0.0.0.0/0"
            ],
            "description": null,
            "from_port": 443,
            "id": "sgrule-2106698737",
            "ipv6_cidr_blocks": null,
            "prefix_list_ids": null,
            "protocol": "tcp",
            "security_group_id": "sg-08d449daadb1ef2e3",
            "self": false,
            "source_security_group_id": null,
            "to_port": 443,
            "type": "ingress"
          },
          "sensitive_attributes": [],
          "private": "eyJzY2hlbWFfdmVyc2lvbiI6IjIifQ==",
          "dependencies": [
            "module.secgroup.aws_security_group.sec_group",
            "module.vpc.aws_internet_gateway.vpc_igw",
            "module.vpc.aws_vpc.vpc"
          ]
        },
        {
          "index_key": 2,
          "schema_version": 2,
          "attributes": {
            "cidr_blocks": [
              "0.0.0.0/0"
            ],
            "description": null,
            "from_port": 3389,
            "id": "sgrule-943311047",
            "ipv6_cidr_blocks": null,
            "prefix_list_ids": null,
            "protocol": "tcp",
            "security_group_id": "sg-08d449daadb1ef2e3",
            "self": false,
            "source_security_group_id": null,
            "to_port": 3389,
            "type": "ingress"
          },
          "sensitive_attributes": [],
          "private": "eyJzY2hlbWFfdmVyc2lvbiI6IjIifQ==",
          "dependencies": [
            "module.secgroup.aws_security_group.sec_group",
            "module.vpc.aws_internet_gateway.vpc_igw",
            "module.vpc.aws_vpc.vpc"
          ]
        }
      ]
    },
    {
      "module": "module.subnet_public",
      "mode": "managed",
      "type": "aws_route_table",
      "name": "public_rtb",
      "provider": "provider[\"registry.terraform.io/hashicorp/aws\"]",
      "instances": [
        {
          "schema_version": 0,
          "attributes": {
            "arn": "arn:aws:ec2:sa-east-1:382711225776:route-table/rtb-087a227918cdbb106",
            "id": "rtb-087a227918cdbb106",
            "owner_id": "382711225776",
            "propagating_vgws": [],
            "route": [
              {
                "carrier_gateway_id": "",
                "cidr_block": "0.0.0.0/0",
                "destination_prefix_list_id": "",
                "egress_only_gateway_id": "",
                "gateway_id": "igw-064d921d48c0d2929",
                "instance_id": "",
                "ipv6_cidr_block": "",
                "local_gateway_id": "",
                "nat_gateway_id": "",
                "network_interface_id": "",
                "transit_gateway_id": "",
                "vpc_endpoint_id": "",
                "vpc_peering_connection_id": ""
              }
            ],
            "tags": null,
            "tags_all": {},
            "timeouts": null,
            "vpc_id": "vpc-068b0b1b3745420bc"
          },
          "sensitive_attributes": [],
          "private": "eyJlMmJmYjczMC1lY2FhLTExZTYtOGY4OC0zNDM2M2JjN2M0YzAiOnsiY3JlYXRlIjozMDAwMDAwMDAwMDAsImRlbGV0ZSI6MzAwMDAwMDAwMDAwLCJ1cGRhdGUiOjEyMDAwMDAwMDAwMH19",
          "dependencies": [
            "module.vpc.aws_internet_gateway.vpc_igw",
            "module.vpc.aws_vpc.vpc"
          ]
        }
      ]
    },
    {
      "module": "module.subnet_public",
      "mode": "managed",
      "type": "aws_route_table_association",
      "name": "public_rtb_assossiation",
      "provider": "provider[\"registry.terraform.io/hashicorp/aws\"]",
      "instances": [
        {
          "index_key": 0,
          "schema_version": 0,
          "attributes": {
            "gateway_id": "",
            "id": "rtbassoc-0b72299a9f5a2d0af",
            "route_table_id": "rtb-087a227918cdbb106",
            "subnet_id": "subnet-089308594280eff01"
          },
          "sensitive_attributes": [],
          "private": "bnVsbA==",
          "dependencies": [
            "module.subnet_public.aws_route_table.public_rtb",
            "module.subnet_public.aws_subnet.public_subnets",
            "module.vpc.aws_internet_gateway.vpc_igw",
            "module.vpc.aws_vpc.vpc"
          ]
        }
      ]
    },
    {
      "module": "module.subnet_public",
      "mode": "managed",
      "type": "aws_subnet",
      "name": "public_subnets",
      "provider": "provider[\"registry.terraform.io/hashicorp/aws\"]",
      "instances": [
        {
          "index_key": 0,
          "schema_version": 1,
          "attributes": {
            "arn": "arn:aws:ec2:sa-east-1:382711225776:subnet/subnet-089308594280eff01",
            "assign_ipv6_address_on_creation": false,
            "availability_zone": "sa-east-1a",
            "availability_zone_id": "sae1-az1",
            "cidr_block": "10.0.1.0/24",
            "customer_owned_ipv4_pool": "",
            "enable_dns64": false,
            "enable_resource_name_dns_a_record_on_launch": false,
            "enable_resource_name_dns_aaaa_record_on_launch": false,
            "id": "subnet-089308594280eff01",
            "ipv6_cidr_block": "",
            "ipv6_cidr_block_association_id": "",
            "ipv6_native": false,
            "map_customer_owned_ip_on_launch": false,
            "map_public_ip_on_launch": false,
            "outpost_arn": "",
            "owner_id": "382711225776",
            "private_dns_hostname_type_on_launch": "ip-name",
            "tags": null,
            "tags_all": {},
            "timeouts": null,
            "vpc_id": "vpc-068b0b1b3745420bc"
          },
          "sensitive_attributes": [],
          "private": "eyJlMmJmYjczMC1lY2FhLTExZTYtOGY4OC0zNDM2M2JjN2M0YzAiOnsiY3JlYXRlIjo2MDAwMDAwMDAwMDAsImRlbGV0ZSI6MTIwMDAwMDAwMDAwMH0sInNjaGVtYV92ZXJzaW9uIjoiMSJ9",
          "dependencies": [
            "module.vpc.aws_internet_gateway.vpc_igw",
            "module.vpc.aws_vpc.vpc"
          ]
        }
      ]
    },
    {
      "module": "module.vpc",
      "mode": "managed",
      "type": "aws_internet_gateway",
      "name": "vpc_igw",
      "provider": "provider[\"registry.terraform.io/hashicorp/aws\"]",
      "instances": [
        {
          "schema_version": 0,
          "attributes": {
            "arn": "arn:aws:ec2:sa-east-1:382711225776:internet-gateway/igw-064d921d48c0d2929",
            "id": "igw-064d921d48c0d2929",
            "owner_id": "382711225776",
            "tags": null,
            "tags_all": {},
            "vpc_id": "vpc-068b0b1b3745420bc"
          },
          "sensitive_attributes": [],
          "private": "bnVsbA==",
          "dependencies": [
            "module.vpc.aws_vpc.vpc"
          ]
        }
      ]
    },
    {
      "module": "module.vpc",
      "mode": "managed",
      "type": "aws_vpc",
      "name": "vpc",
      "provider": "provider[\"registry.terraform.io/hashicorp/aws\"]",
      "instances": [
        {
          "schema_version": 1,
          "attributes": {
            "arn": "arn:aws:ec2:sa-east-1:382711225776:vpc/vpc-068b0b1b3745420bc",
            "assign_generated_ipv6_cidr_block": false,
            "cidr_block": "10.0.0.0/20",
            "default_network_acl_id": "acl-0ac8d43b99310ceac",
            "default_route_table_id": "rtb-047121a04c3cb1e50",
            "default_security_group_id": "sg-0969627e5218704eb",
            "dhcp_options_id": "dopt-057880f09fa02e6fb",
            "enable_classiclink": false,
            "enable_classiclink_dns_support": false,
            "enable_dns_hostnames": true,
            "enable_dns_support": true,
            "id": "vpc-068b0b1b3745420bc",
            "instance_tenancy": "default",
            "ipv4_ipam_pool_id": null,
            "ipv4_netmask_length": null,
            "ipv6_association_id": "",
            "ipv6_cidr_block": "",
            "ipv6_cidr_block_network_border_group": "",
            "ipv6_ipam_pool_id": "",
            "ipv6_netmask_length": 0,
            "main_route_table_id": "rtb-047121a04c3cb1e50",
            "owner_id": "382711225776",
            "tags": null,
            "tags_all": {}
          },
          "sensitive_attributes": [],
          "private": "eyJzY2hlbWFfdmVyc2lvbiI6IjEifQ=="
        }
      ]
    },
    {
      "module": "module.windows_instance",
      "mode": "data",
      "type": "aws_ami",
      "name": "windows-2019",
      "provider": "provider[\"registry.terraform.io/hashicorp/aws\"]",
      "instances": [
        {
          "schema_version": 0,
          "attributes": {
            "architecture": "x86_64",
            "arn": "arn:aws:ec2:sa-east-1::image/ami-007e9b087978ff791",
            "block_device_mappings": [
              {
                "device_name": "/dev/sda1",
                "ebs": {
                  "delete_on_termination": "true",
                  "encrypted": "false",
                  "iops": "0",
                  "snapshot_id": "snap-0153552d55ac7d105",
                  "throughput": "0",
                  "volume_size": "30",
                  "volume_type": "gp2"
                },
                "no_device": "",
                "virtual_name": ""
              },
              {
                "device_name": "xvdca",
                "ebs": {},
                "no_device": "",
                "virtual_name": "ephemeral0"
              },
              {
                "device_name": "xvdcb",
                "ebs": {},
                "no_device": "",
                "virtual_name": "ephemeral1"
              },
              {
                "device_name": "xvdcc",
                "ebs": {},
                "no_device": "",
                "virtual_name": "ephemeral2"
              },
              {
                "device_name": "xvdcd",
                "ebs": {},
                "no_device": "",
                "virtual_name": "ephemeral3"
              },
              {
                "device_name": "xvdce",
                "ebs": {},
                "no_device": "",
                "virtual_name": "ephemeral4"
              },
              {
                "device_name": "xvdcf",
                "ebs": {},
                "no_device": "",
                "virtual_name": "ephemeral5"
              },
              {
                "device_name": "xvdcg",
                "ebs": {},
                "no_device": "",
                "virtual_name": "ephemeral6"
              },
              {
                "device_name": "xvdch",
                "ebs": {},
                "no_device": "",
                "virtual_name": "ephemeral7"
              },
              {
                "device_name": "xvdci",
                "ebs": {},
                "no_device": "",
                "virtual_name": "ephemeral8"
              },
              {
                "device_name": "xvdcj",
                "ebs": {},
                "no_device": "",
                "virtual_name": "ephemeral9"
              },
              {
                "device_name": "xvdck",
                "ebs": {},
                "no_device": "",
                "virtual_name": "ephemeral10"
              },
              {
                "device_name": "xvdcl",
                "ebs": {},
                "no_device": "",
                "virtual_name": "ephemeral11"
              },
              {
                "device_name": "xvdcm",
                "ebs": {},
                "no_device": "",
                "virtual_name": "ephemeral12"
              },
              {
                "device_name": "xvdcn",
                "ebs": {},
                "no_device": "",
                "virtual_name": "ephemeral13"
              },
              {
                "device_name": "xvdco",
                "ebs": {},
                "no_device": "",
                "virtual_name": "ephemeral14"
              },
              {
                "device_name": "xvdcp",
                "ebs": {},
                "no_device": "",
                "virtual_name": "ephemeral15"
              },
              {
                "device_name": "xvdcq",
                "ebs": {},
                "no_device": "",
                "virtual_name": "ephemeral16"
              },
              {
                "device_name": "xvdcr",
                "ebs": {},
                "no_device": "",
                "virtual_name": "ephemeral17"
              },
              {
                "device_name": "xvdcs",
                "ebs": {},
                "no_device": "",
                "virtual_name": "ephemeral18"
              },
              {
                "device_name": "xvdct",
                "ebs": {},
                "no_device": "",
                "virtual_name": "ephemeral19"
              },
              {
                "device_name": "xvdcu",
                "ebs": {},
                "no_device": "",
                "virtual_name": "ephemeral20"
              },
              {
                "device_name": "xvdcv",
                "ebs": {},
                "no_device": "",
                "virtual_name": "ephemeral21"
              },
              {
                "device_name": "xvdcw",
                "ebs": {},
                "no_device": "",
                "virtual_name": "ephemeral22"
              },
              {
                "device_name": "xvdcx",
                "ebs": {},
                "no_device": "",
                "virtual_name": "ephemeral23"
              },
              {
                "device_name": "xvdcy",
                "ebs": {},
                "no_device": "",
                "virtual_name": "ephemeral24"
              },
              {
                "device_name": "xvdcz",
                "ebs": {},
                "no_device": "",
                "virtual_name": "ephemeral25"
              }
            ],
            "creation_date": "2023-02-15T05:23:08.000Z",
            "description": "Microsoft Windows Server 2019 with Desktop Experience Locale English AMI provided by Amazon",
            "ena_support": true,
            "executable_users": null,
            "filter": [
              {
                "name": "name",
                "values": [
                  "Windows_Server-2019-English-Full-Base*"
                ]
              }
            ],
            "hypervisor": "xen",
            "id": "ami-007e9b087978ff791",
            "image_id": "ami-007e9b087978ff791",
            "image_location": "amazon/Windows_Server-2019-English-Full-Base-2023.02.15",
            "image_owner_alias": "amazon",
            "image_type": "machine",
            "kernel_id": null,
            "most_recent": true,
            "name": "Windows_Server-2019-English-Full-Base-2023.02.15",
            "name_regex": null,
            "owner_id": "801119661308",
            "owners": [
              "amazon"
            ],
            "platform": "windows",
            "platform_details": "Windows",
            "product_codes": [],
            "public": true,
            "ramdisk_id": null,
            "root_device_name": "/dev/sda1",
            "root_device_type": "ebs",
            "root_snapshot_id": "snap-0153552d55ac7d105",
            "sriov_net_support": "simple",
            "state": "available",
            "state_reason": {
              "code": "UNSET",
              "message": "UNSET"
            },
            "tags": {},
            "usage_operation": "RunInstances:0002",
            "virtualization_type": "hvm"
          },
          "sensitive_attributes": []
        }
      ]
    },
    {
      "module": "module.windows_instance",
      "mode": "data",
      "type": "template_file",
      "name": "windows-userdata",
      "provider": "provider[\"registry.terraform.io/hashicorp/template\"]",
      "instances": [
        {
          "schema_version": 0,
          "attributes": {
            "filename": null,
            "id": "16fc253b7bb10870f53fb017e2a3ed61b85c7bd2e128412b04350ce86d3e2824",
            "rendered": "\u003cpowershell\u003e\n# Rename Machine\nRename-Computer -NewName \"my_server\" -Force;\n# Install IIS\nInstall-WindowsFeature -name Web-Server -IncludeManagementTools;\n# Restart machine\nshutdown -r -t 10;\n\u003c/powershell\u003e\n",
            "template": "\u003cpowershell\u003e\n# Rename Machine\nRename-Computer -NewName \"my_server\" -Force;\n# Install IIS\nInstall-WindowsFeature -name Web-Server -IncludeManagementTools;\n# Restart machine\nshutdown -r -t 10;\n\u003c/powershell\u003e\n",
            "vars": null
          },
          "sensitive_attributes": []
        }
      ]
    },
    {
      "module": "module.windows_instance",
      "mode": "managed",
      "type": "aws_instance",
      "name": "windows-server",
      "provider": "provider[\"registry.terraform.io/hashicorp/aws\"]",
      "instances": [
        {
          "schema_version": 1,
          "attributes": {
            "ami": "ami-007e9b087978ff791",
            "arn": "arn:aws:ec2:sa-east-1:382711225776:instance/i-05cbea1e5db5dc455",
            "associate_public_ip_address": true,
            "availability_zone": "sa-east-1a",
            "capacity_reservation_specification": [
              {
                "capacity_reservation_preference": "open",
                "capacity_reservation_target": []
              }
            ],
            "cpu_core_count": 1,
            "cpu_threads_per_core": 1,
            "credit_specification": [
              {
                "cpu_credits": "standard"
              }
            ],
            "disable_api_termination": false,
            "ebs_block_device": [],
            "ebs_optimized": false,
            "enclave_options": [
              {
                "enabled": false
              }
            ],
            "ephemeral_block_device": [],
            "get_password_data": false,
            "hibernation": false,
            "host_id": null,
            "iam_instance_profile": "",
            "id": "i-05cbea1e5db5dc455",
            "instance_initiated_shutdown_behavior": "stop",
            "instance_state": "running",
            "instance_type": "t2.micro",
            "ipv6_address_count": 0,
            "ipv6_addresses": [],
            "key_name": "windows-key-pair",
            "launch_template": [],
            "metadata_options": [
              {
                "http_endpoint": "enabled",
                "http_put_response_hop_limit": 1,
                "http_tokens": "optional",
                "instance_metadata_tags": "disabled"
              }
            ],
            "monitoring": false,
            "network_interface": [],
            "outpost_arn": "",
            "password_data": "",
            "placement_group": "",
            "placement_partition_number": null,
            "primary_network_interface_id": "eni-0d2ca8779fc09ba35",
            "private_dns": "ip-10-0-1-120.sa-east-1.compute.internal",
            "private_ip": "10.0.1.120",
            "public_dns": "ec2-54-232-158-193.sa-east-1.compute.amazonaws.com",
            "public_ip": "54.232.158.193",
            "root_block_device": [
              {
                "delete_on_termination": true,
                "device_name": "/dev/sda1",
                "encrypted": true,
                "iops": 100,
                "kms_key_id": "arn:aws:kms:sa-east-1:382711225776:key/e62ba301-1c89-42b0-806f-56df0f7407ef",
                "tags": null,
                "throughput": 0,
                "volume_id": "vol-02d2dd280d1fc650a",
                "volume_size": 30,
                "volume_type": "gp2"
              }
            ],
            "secondary_private_ips": [],
            "security_groups": [],
            "source_dest_check": false,
            "subnet_id": "subnet-089308594280eff01",
            "tags": null,
            "tags_all": {},
            "tenancy": "default",
            "timeouts": null,
            "user_data": "4adf0f6ff65d5a2e4b212136d3617437716de777",
            "user_data_base64": null,
            "volume_tags": null,
            "vpc_security_group_ids": [
              "sg-08d449daadb1ef2e3"
            ]
          },
          "sensitive_attributes": [],
          "private": "eyJlMmJmYjczMC1lY2FhLTExZTYtOGY4OC0zNDM2M2JjN2M0YzAiOnsiY3JlYXRlIjo2MDAwMDAwMDAwMDAsImRlbGV0ZSI6MTIwMDAwMDAwMDAwMCwidXBkYXRlIjo2MDAwMDAwMDAwMDB9LCJzY2hlbWFfdmVyc2lvbiI6IjEifQ==",
          "dependencies": [
            "module.keys_pair.aws_key_pair.key_pair",
            "module.keys_pair.tls_private_key.key_pair",
            "module.secgroup.aws_security_group.sec_group",
            "module.subnet_public.aws_route_table.public_rtb",
            "module.subnet_public.aws_route_table_association.public_rtb_assossiation",
            "module.subnet_public.aws_subnet.public_subnets",
            "module.vpc.aws_internet_gateway.vpc_igw",
            "module.vpc.aws_vpc.vpc",
            "module.windows_instance.data.aws_ami.windows-2019",
            "module.windows_instance.data.template_file.windows-userdata"
          ]
        }
      ]
    }
  ],
  "check_results": null
}
